
Microsoft Visual Studio Solution File, Format Version 12.00
# Visual Studio Version 17
VisualStudioVersion = 17.0.32126.317
MinimumVisualStudioVersion = 10.0.40219.1
Project("{9A19103F-16F7-4668-BE54-9A1E7A4F7556}") = "EdnaWebApi", "src\EdnaWebApi\EdnaWebApi.csproj", "{D0D432CB-2205-4DD3-9325-EE9D3B59B760}"
EndProject
Project("{2150E333-8FDC-42A3-9474-1A3956D46DE8}") = "Solution Items", "Solution Items", "{02E67CCB-1E95-4AF1-B074-B9428D26DDE1}"
	ProjectSection(SolutionItems) = preProject
		.gitignore = .gitignore
		README.md = README.md
	EndProjectSection
EndProject
Global
	GlobalSection(SolutionConfigurationPlatforms) = preSolution
		Debug|Any CPU = Debug|Any CPU
		Release|Any CPU = Release|Any CPU
	EndGlobalSection
	GlobalSection(ProjectConfigurationPlatforms) = postSolution
		{D0D432CB-2205-4DD3-9325-EE9D3B59B760}.Debug|Any CPU.ActiveCfg = Debug|Any CPU
		{D0D432CB-2205-4DD3-9325-EE9D3B59B760}.Debug|Any CPU.Build.0 = Debug|Any CPU
		{D0D432CB-2205-4DD3-9325-EE9D3B59B760}.Release|Any CPU.ActiveCfg = Release|Any CPU
		{D0D432CB-2205-4DD3-9325-EE9D3B59B760}.Release|Any CPU.Build.0 = Release|Any CPU
	EndGlobalSection
	GlobalSection(SolutionProperties) = preSolution
		HideSolutionNode = FALSE
	EndGlobalSection
	GlobalSection(ExtensibilityGlobals) = postSolution
		SolutionGuid = {F7BD75D9-8A75-4AA2-9055-C21E846A39F6}
	EndGlobalSection
EndGlobal
